{
  "version": 4,
  "terraform_version": "1.12.2",
  "serial": 16,
  "lineage": "c1d5d117-104b-ddad-6bdd-e32c1b2b730c",
  "outputs": {},
  "resources": [
    {
      "mode": "managed",
      "type": "local_file",
      "name": "exemple",
      "provider": "provider[\"registry.terraform.io/hashicorp/local\"]",
      "instances": [
        {
          "schema_version": 0,
          "attributes": {
            "content": "11",
            "content_base64": null,
            "content_base64sha256": "T8grJq7LR9KGjE7741gXMqPny8xsLvsyBiwIFwoF7rg=",
            "content_base64sha512": "dKScaY29PBLjawsodEfYM/dPOTf/Ey6/9wVLqhhiPDWnBbsYuC4qwDhLUSfblwFuY2CfcSvJDjUGz76pdZn0bw==",
            "content_md5": "6512bd43d9caa6e02c990b0a82652dca",
            "content_sha1": "17ba0791499db908433b80f37c5fbc89b870084b",
            "content_sha256": "4fc82b26aecb47d2868c4efbe3581732a3e7cbcc6c2efb32062c08170a05eeb8",
            "content_sha512": "74a49c698dbd3c12e36b0b287447d833f74f3937ff132ebff7054baa18623c35a705bb18b82e2ac0384b5127db97016e63609f712bc90e3506cfbea97599f46f",
            "directory_permission": "0777",
            "file_permission": "0777",
            "filename": "created_file.txt",
            "id": "17ba0791499db908433b80f37c5fbc89b870084b",
            "sensitive_content": null,
            "source": null
          },
          "sensitive_attributes": [
            [
              {
                "type": "get_attr",
                "value": "sensitive_content"
              }
            ]
          ],
          "identity_schema_version": 0
        }
      ]
    }
  ],
  "check_results": null
}
