{
  "version": 4,
  "terraform_version": "1.12.2",
  "serial": 4,
  "lineage": "c1d5d117-104b-ddad-6bdd-e32c1b2b730c",
  "outputs": {},
  "resources": [
    {
      "mode": "managed",
      "type": "local_file",
      "name": "exemple",
      "provider": "provider[\"registry.terraform.io/hashicorp/local\"]",
      "instances": [
        {
          "schema_version": 0,
          "attributes": {
            "content": "Hello Full!",
            "content_base64": null,
            "content_base64sha256": "G++MDJffHO2b6j8Qaw0oRTFbsUYxv6H9iCUS/EKWS8s=",
            "content_base64sha512": "JA/q6a9nwJj6/Za3VAfewF03Yuqae6aB/bcXGuYPbQyMDM2E8iGC62EhVpnjWNPXpUBti71dm7PioftKytFjeQ==",
            "content_md5": "b1b689a5072f38453429932397dd03aa",
            "content_sha1": "e24f7b4f56f1827cc0486086b9650e6cf37c2375",
            "content_sha256": "1bef8c0c97df1ced9bea3f106b0d2845315bb14631bfa1fd882512fc42964bcb",
            "content_sha512": "240feae9af67c098fafd96b75407dec05d3762ea9a7ba681fdb7171ae60f6d0c8c0ccd84f22182eb61215699e358d3d7a5406d8bbd5d9bb3e2a1fb4acad16379",
            "directory_permission": "0777",
            "file_permission": "0777",
            "filename": "exemple1.txt",
            "id": "e24f7b4f56f1827cc0486086b9650e6cf37c2375",
            "sensitive_content": null,
            "source": null
          },
          "sensitive_attributes": [
            [
              {
                "type": "get_attr",
                "value": "sensitive_content"
              }
            ]
          ],
          "identity_schema_version": 0
        }
      ]
    }
  ],
  "check_results": null
}
