{
  "version": 4,
  "terraform_version": "1.12.2",
  "serial": 37,
  "lineage": "c1d5d117-104b-ddad-6bdd-e32c1b2b730c",
  "outputs": {
    "my_name": {
      "value": "Fabiana Ivo Souza",
      "type": "string"
    },
    "name_my_pet": {
      "value": "Sr. solely refined coyote",
      "type": "string"
    }
  },
  "resources": [
    {
      "mode": "managed",
      "type": "local_file",
      "name": "exemple",
      "provider": "provider[\"registry.terraform.io/hashicorp/local\"]",
      "instances": [
        {
          "schema_version": 0,
          "attributes": {
            "content": "banana é a minha fruta favorita.  \r\nmaçã é a fruta que eu mais gosto.\r\nlaranja é a fruta que eu menos gosto.\r\nConteúdo do arquivo: valor vindo do arquivo variables.auto.tfvars\r\n\r\nMeu pet: Sr. solely refined coyote\r\nFrutas de acordo com a aula:\r\nmaçã\r\n\r\nNome: Fabiana\r\nIdade: 28\r\nCidade: São Paulo\r\n",
            "content_base64": null,
            "content_base64sha256": "PagCc9dk627d0iiZceAlI1Z56jgKt8jClIxMMR/LAFY=",
            "content_base64sha512": "NP4bc9BhmzV9t+JJkE45x7o98icH0XrreDCCdGQwEaFZYnoN4qoLtm+6QxybicymjFecQ7WKm5RUrkUHCeA9Kw==",
            "content_md5": "c675b1f8ebb85177f69ef47e7d7de7be",
            "content_sha1": "72e892cec8aabef10f927f1cbf9b333ef8b05f4b",
            "content_sha256": "3da80273d764eb6eddd2289971e025235679ea380ab7c8c2948c4c311fcb0056",
            "content_sha512": "34fe1b73d0619b357db7e249904e39c7ba3df22707d17aeb78308274643011a159627a0de2aa0bb66fba431c9b89cca68c579c43b58a9b9454ae450709e03d2b",
            "directory_permission": "0777",
            "file_permission": "0777",
            "filename": "created_file.txt",
            "id": "72e892cec8aabef10f927f1cbf9b333ef8b05f4b",
            "sensitive_content": null,
            "source": null
          },
          "sensitive_attributes": [
            [
              {
                "type": "get_attr",
                "value": "sensitive_content"
              }
            ]
          ],
          "identity_schema_version": 0,
          "dependencies": [
            "random_pet.meu_pet"
          ]
        }
      ]
    },
    {
      "mode": "managed",
      "type": "random_pet",
      "name": "meu_pet",
      "provider": "provider[\"registry.terraform.io/hashicorp/random\"]",
      "instances": [
        {
          "schema_version": 0,
          "attributes": {
            "id": "Sr. solely refined coyote",
            "keepers": null,
            "length": 3,
            "prefix": "Sr.",
            "separator": " "
          },
          "sensitive_attributes": [],
          "identity_schema_version": 0
        }
      ]
    }
  ],
  "check_results": null
}
