{
  "version": 4,
  "terraform_version": "1.12.2",
  "serial": 25,
  "lineage": "c1d5d117-104b-ddad-6bdd-e32c1b2b730c",
  "outputs": {},
  "resources": [
    {
      "mode": "managed",
      "type": "local_file",
      "name": "exemple",
      "provider": "provider[\"registry.terraform.io/hashicorp/local\"]",
      "instances": [
        {
          "schema_version": 0,
          "attributes": {
            "content": "banana é a minha fruta favorita.  \r\nmaçã é a fruta que eu mais gosto.\r\nlaranja é a fruta que eu menos gosto.\r\n\r\nFrutas de acordo com a aula:\r\nmaçã\r\n\r\nNome: Fabiana\r\nIdade: 25\r\nCidade: São Paulo\r\n\r\n",
            "content_base64": null,
            "content_base64sha256": "nlKYeON3TmdYAfWksvXaElwWIhrt9H2UTQLbdvdvRkA=",
            "content_base64sha512": "Zj6pfhiX7bhJzd9NFKYWL4j/+UzGMHZnsTsIzcLi1wFQ3jRAyPS4t7E4hWkjFE5/7orNfpcR7otJ/7/ZqSfyrw==",
            "content_md5": "220ae0552df77ddacd46ef968fdb04de",
            "content_sha1": "6a95f8dfc94505f7828c2db0a1ab5f908d7685a1",
            "content_sha256": "9e529878e3774e675801f5a4b2f5da125c16221aedf47d944d02db76f76f4640",
            "content_sha512": "663ea97e1897edb849cddf4d14a6162f88fff94cc6307667b13b08cdc2e2d70150de3440c8f4b8b7b138856923144e7fee8acd7e9711ee8b49ffbfd9a927f2af",
            "directory_permission": "0777",
            "file_permission": "0777",
            "filename": "created_file.txt",
            "id": "6a95f8dfc94505f7828c2db0a1ab5f908d7685a1",
            "sensitive_content": null,
            "source": null
          },
          "sensitive_attributes": [
            [
              {
                "type": "get_attr",
                "value": "sensitive_content"
              }
            ]
          ],
          "identity_schema_version": 0
        }
      ]
    }
  ],
  "check_results": null
}
