{
  "version": 4,
  "terraform_version": "1.12.2",
  "serial": 28,
  "lineage": "c1d5d117-104b-ddad-6bdd-e32c1b2b730c",
  "outputs": {},
  "resources": [
    {
      "mode": "managed",
      "type": "local_file",
      "name": "exemple",
      "provider": "provider[\"registry.terraform.io/hashicorp/local\"]",
      "instances": [
        {
          "schema_version": 0,
          "attributes": {
            "content": "banana é a minha fruta favorita.  \r\nmaçã é a fruta que eu mais gosto.\r\nlaranja é a fruta que eu menos gosto.\r\n\r\nFrutas de acordo com a aula:\r\nmaçã\r\n\r\nNome: Fabiana\r\nIdade: 28\r\nCidade: São Paulo\r\n\r\n",
            "content_base64": null,
            "content_base64sha256": "KSkklRFTgVNFJQYl/QggZLPYEjCEm8ALNRo4XfMARdI=",
            "content_base64sha512": "eHbA5XKhIryNqT1c/XqV99EcNyY+dZNZH074uI8dcNxDaZ7snALwFZ7xJT7QPKZ1VdgONf3A+K+HZ2kfg6Rf6w==",
            "content_md5": "75e42c0ffd83d32c0017cd39c3ae0b06",
            "content_sha1": "6eda38cb93fd521bb93a314bcc126c84e0e09c48",
            "content_sha256": "292924951153815345250625fd082064b3d81230849bc00b351a385df30045d2",
            "content_sha512": "7876c0e572a122bc8da93d5cfd7a95f7d11c37263e7593591f4ef8b88f1d70dc43699eec9c02f0159ef1253ed03ca67555d80e35fdc0f8af8767691f83a45feb",
            "directory_permission": "0777",
            "file_permission": "0777",
            "filename": "created_file.txt",
            "id": "6eda38cb93fd521bb93a314bcc126c84e0e09c48",
            "sensitive_content": null,
            "source": null
          },
          "sensitive_attributes": [
            [
              {
                "type": "get_attr",
                "value": "sensitive_content"
              }
            ]
          ],
          "identity_schema_version": 0
        }
      ]
    }
  ],
  "check_results": null
}
